
Microsoft Visual Studio Solution File, Format Version 12.00
# Visual Studio Version 17
VisualStudioVersion = 17.14.37203.1
MinimumVisualStudioVersion = 10.0.40219.1
Project("{FAE04EC0-301F-11D3-BF4B-00C04F79EFBC}") = "Products.API", "src\Products.API\Products.API.csproj", "{41F9FF2F-977C-4A5E-9E83-9F88E96D7242}"
EndProject
Project("{FAE04EC0-301F-11D3-BF4B-00C04F79EFBC}") = "Users.API", "src\Users.API\Users.API.csproj", "{90940BCE-A5BA-4096-980D-FAAB87A5A8F2}"
EndProject
Project("{FAE04EC0-301F-11D3-BF4B-00C04F79EFBC}") = "Orders.API", "src\Orders.API\Orders.API.csproj", "{1D304B91-EB5C-4466-A518-82A84ADC1185}"
EndProject
Project("{FAE04EC0-301F-11D3-BF4B-00C04F79EFBC}") = "Notifications.API", "src\Notifications.API\Notifications.API.csproj", "{7E0500CA-469B-4D4B-8EA2-BCF7378D83C6}"
EndProject
Project("{FAE04EC0-301F-11D3-BF4B-00C04F79EFBC}") = "Cart.API", "src\Cart.API\Cart.API.csproj", "{FDB47A9E-9B59-40CA-AF45-DE856442F8BC}"
EndProject
Project("{2150E333-8FDC-42A3-9474-1A3956D46DE8}") = "src", "src", "{827E0CD3-B72D-47B6-A68D-7590B98EB39B}"
EndProject
Global
	GlobalSection(SolutionConfigurationPlatforms) = preSolution
		Debug|Any CPU = Debug|Any CPU
		Debug|x64 = Debug|x64
		Debug|x86 = Debug|x86
		Release|Any CPU = Release|Any CPU
		Release|x64 = Release|x64
		Release|x86 = Release|x86
	EndGlobalSection
	GlobalSection(ProjectConfigurationPlatforms) = postSolution
		{41F9FF2F-977C-4A5E-9E83-9F88E96D7242}.Debug|Any CPU.ActiveCfg = Debug|Any CPU
		{41F9FF2F-977C-4A5E-9E83-9F88E96D7242}.Debug|Any CPU.Build.0 = Debug|Any CPU
		{41F9FF2F-977C-4A5E-9E83-9F88E96D7242}.Debug|x64.ActiveCfg = Debug|Any CPU
		{41F9FF2F-977C-4A5E-9E83-9F88E96D7242}.Debug|x64.Build.0 = Debug|Any CPU
		{41F9FF2F-977C-4A5E-9E83-9F88E96D7242}.Debug|x86.ActiveCfg = Debug|Any CPU
		{41F9FF2F-977C-4A5E-9E83-9F88E96D7242}.Debug|x86.Build.0 = Debug|Any CPU
		{41F9FF2F-977C-4A5E-9E83-9F88E96D7242}.Release|Any CPU.ActiveCfg = Release|Any CPU
		{41F9FF2F-977C-4A5E-9E83-9F88E96D7242}.Release|Any CPU.Build.0 = Release|Any CPU
		{41F9FF2F-977C-4A5E-9E83-9F88E96D7242}.Release|x64.ActiveCfg = Release|Any CPU
		{41F9FF2F-977C-4A5E-9E83-9F88E96D7242}.Release|x64.Build.0 = Release|Any CPU
		{41F9FF2F-977C-4A5E-9E83-9F88E96D7242}.Release|x86.ActiveCfg = Release|Any CPU
		{41F9FF2F-977C-4A5E-9E83-9F88E96D7242}.Release|x86.Build.0 = Release|Any CPU
		{90940BCE-A5BA-4096-980D-FAAB87A5A8F2}.Debug|Any CPU.ActiveCfg = Debug|Any CPU
		{90940BCE-A5BA-4096-980D-FAAB87A5A8F2}.Debug|Any CPU.Build.0 = Debug|Any CPU
		{90940BCE-A5BA-4096-980D-FAAB87A5A8F2}.Debug|x64.ActiveCfg = Debug|Any CPU
		{90940BCE-A5BA-4096-980D-FAAB87A5A8F2}.Debug|x64.Build.0 = Debug|Any CPU
		{90940BCE-A5BA-4096-980D-FAAB87A5A8F2}.Debug|x86.ActiveCfg = Debug|Any CPU
		{90940BCE-A5BA-4096-980D-FAAB87A5A8F2}.Debug|x86.Build.0 = Debug|Any CPU
		{90940BCE-A5BA-4096-980D-FAAB87A5A8F2}.Release|Any CPU.ActiveCfg = Release|Any CPU
		{90940BCE-A5BA-4096-980D-FAAB87A5A8F2}.Release|Any CPU.Build.0 = Release|Any CPU
		{90940BCE-A5BA-4096-980D-FAAB87A5A8F2}.Release|x64.ActiveCfg = Release|Any CPU
		{90940BCE-A5BA-4096-980D-FAAB87A5A8F2}.Release|x64.Build.0 = Release|Any CPU
		{90940BCE-A5BA-4096-980D-FAAB87A5A8F2}.Release|x86.ActiveCfg = Release|Any CPU
		{90940BCE-A5BA-4096-980D-FAAB87A5A8F2}.Release|x86.Build.0 = Release|Any CPU
		{1D304B91-EB5C-4466-A518-82A84ADC1185}.Debug|Any CPU.ActiveCfg = Debug|Any CPU
		{1D304B91-EB5C-4466-A518-82A84ADC1185}.Debug|Any CPU.Build.0 = Debug|Any CPU
		{1D304B91-EB5C-4466-A518-82A84ADC1185}.Debug|x64.ActiveCfg = Debug|Any CPU
		{1D304B91-EB5C-4466-A518-82A84ADC1185}.Debug|x64.Build.0 = Debug|Any CPU
		{1D304B91-EB5C-4466-A518-82A84ADC1185}.Debug|x86.ActiveCfg = Debug|Any CPU
		{1D304B91-EB5C-4466-A518-82A84ADC1185}.Debug|x86.Build.0 = Debug|Any CPU
		{1D304B91-EB5C-4466-A518-82A84ADC1185}.Release|Any CPU.ActiveCfg = Release|Any CPU
		{1D304B91-EB5C-4466-A518-82A84ADC1185}.Release|Any CPU.Build.0 = Release|Any CPU
		{1D304B91-EB5C-4466-A518-82A84ADC1185}.Release|x64.ActiveCfg = Release|Any CPU
		{1D304B91-EB5C-4466-A518-82A84ADC1185}.Release|x64.Build.0 = Release|Any CPU
		{1D304B91-EB5C-4466-A518-82A84ADC1185}.Release|x86.ActiveCfg = Release|Any CPU
		{1D304B91-EB5C-4466-A518-82A84ADC1185}.Release|x86.Build.0 = Release|Any CPU
		{7E0500CA-469B-4D4B-8EA2-BCF7378D83C6}.Debug|Any CPU.ActiveCfg = Debug|Any CPU
		{7E0500CA-469B-4D4B-8EA2-BCF7378D83C6}.Debug|Any CPU.Build.0 = Debug|Any CPU
		{7E0500CA-469B-4D4B-8EA2-BCF7378D83C6}.Debug|x64.ActiveCfg = Debug|Any CPU
		{7E0500CA-469B-4D4B-8EA2-BCF7378D83C6}.Debug|x64.Build.0 = Debug|Any CPU
		{7E0500CA-469B-4D4B-8EA2-BCF7378D83C6}.Debug|x86.ActiveCfg = Debug|Any CPU
		{7E0500CA-469B-4D4B-8EA2-BCF7378D83C6}.Debug|x86.Build.0 = Debug|Any CPU
		{7E0500CA-469B-4D4B-8EA2-BCF7378D83C6}.Release|Any CPU.ActiveCfg = Release|Any CPU
		{7E0500CA-469B-4D4B-8EA2-BCF7378D83C6}.Release|Any CPU.Build.0 = Release|Any CPU
		{7E0500CA-469B-4D4B-8EA2-BCF7378D83C6}.Release|x64.ActiveCfg = Release|Any CPU
		{7E0500CA-469B-4D4B-8EA2-BCF7378D83C6}.Release|x64.Build.0 = Release|Any CPU
		{7E0500CA-469B-4D4B-8EA2-BCF7378D83C6}.Release|x86.ActiveCfg = Release|Any CPU
		{7E0500CA-469B-4D4B-8EA2-BCF7378D83C6}.Release|x86.Build.0 = Release|Any CPU
		{FDB47A9E-9B59-40CA-AF45-DE856442F8BC}.Debug|Any CPU.ActiveCfg = Debug|Any CPU
		{FDB47A9E-9B59-40CA-AF45-DE856442F8BC}.Debug|Any CPU.Build.0 = Debug|Any CPU
		{FDB47A9E-9B59-40CA-AF45-DE856442F8BC}.Debug|x64.ActiveCfg = Debug|Any CPU
		{FDB47A9E-9B59-40CA-AF45-DE856442F8BC}.Debug|x64.Build.0 = Debug|Any CPU
		{FDB47A9E-9B59-40CA-AF45-DE856442F8BC}.Debug|x86.ActiveCfg = Debug|Any CPU
		{FDB47A9E-9B59-40CA-AF45-DE856442F8BC}.Debug|x86.Build.0 = Debug|Any CPU
		{FDB47A9E-9B59-40CA-AF45-DE856442F8BC}.Release|Any CPU.ActiveCfg = Release|Any CPU
		{FDB47A9E-9B59-40CA-AF45-DE856442F8BC}.Release|Any CPU.Build.0 = Release|Any CPU
		{FDB47A9E-9B59-40CA-AF45-DE856442F8BC}.Release|x64.ActiveCfg = Release|Any CPU
		{FDB47A9E-9B59-40CA-AF45-DE856442F8BC}.Release|x64.Build.0 = Release|Any CPU
		{FDB47A9E-9B59-40CA-AF45-DE856442F8BC}.Release|x86.ActiveCfg = Release|Any CPU
		{FDB47A9E-9B59-40CA-AF45-DE856442F8BC}.Release|x86.Build.0 = Release|Any CPU
	EndGlobalSection
	GlobalSection(SolutionProperties) = preSolution
		HideSolutionNode = FALSE
	EndGlobalSection
	GlobalSection(ExtensibilityGlobals) = postSolution
		SolutionGuid = {151F310E-2EF9-4FC1-BA8B-1CB1CD795B6E}
	EndGlobalSection
EndGlobal
